
Microsoft Visual Studio Solution File, Format Version 12.00
# Visual Studio Version 16
VisualStudioVersion = 16.0.31321.278
MinimumVisualStudioVersion = 10.0.40219.1
Project("{FAE04EC0-301F-11D3-BF4B-00C04F79EFBC}") = "FizzBuzz", "FizzBuzz\FizzBuzz.csproj", "{22D1874A-FA57-49CE-8DC2-F3A1914FC780}"
EndProject
Project("{FAE04EC0-301F-11D3-BF4B-00C04F79EFBC}") = "FizzzBuzzUnitTest", "FizzzBuzzUnitTest\FizzzBuzzUnitTest.csproj", "{03A97945-47B8-438A-9EEC-2E81E74ADF47}"
EndProject
Global
	GlobalSection(SolutionConfigurationPlatforms) = preSolution
		Debug|Any CPU = Debug|Any CPU
		Release|Any CPU = Release|Any CPU
	EndGlobalSection
	GlobalSection(ProjectConfigurationPlatforms) = postSolution
		{22D1874A-FA57-49CE-8DC2-F3A1914FC780}.Debug|Any CPU.ActiveCfg = Debug|Any CPU
		{22D1874A-FA57-49CE-8DC2-F3A1914FC780}.Debug|Any CPU.Build.0 = Debug|Any CPU
		{22D1874A-FA57-49CE-8DC2-F3A1914FC780}.Release|Any CPU.ActiveCfg = Release|Any CPU
		{22D1874A-FA57-49CE-8DC2-F3A1914FC780}.Release|Any CPU.Build.0 = Release|Any CPU
		{03A97945-47B8-438A-9EEC-2E81E74ADF47}.Debug|Any CPU.ActiveCfg = Debug|Any CPU
		{03A97945-47B8-438A-9EEC-2E81E74ADF47}.Debug|Any CPU.Build.0 = Debug|Any CPU
		{03A97945-47B8-438A-9EEC-2E81E74ADF47}.Release|Any CPU.ActiveCfg = Release|Any CPU
		{03A97945-47B8-438A-9EEC-2E81E74ADF47}.Release|Any CPU.Build.0 = Release|Any CPU
	EndGlobalSection
	GlobalSection(SolutionProperties) = preSolution
		HideSolutionNode = FALSE
	EndGlobalSection
	GlobalSection(ExtensibilityGlobals) = postSolution
		SolutionGuid = {D1A33FC6-A254-4D22-A4EA-9612D06343C0}
	EndGlobalSection
EndGlobal
